
Microsoft Visual Studio Solution File, Format Version 12.00
# Visual Studio Version 16
VisualStudioVersion = 16.0.29609.76
MinimumVisualStudioVersion = 10.0.40219.1
Project("{9A19103F-16F7-4668-BE54-9A1E7A4F7556}") = "XY_ParserConsole", "XY_ParserConsole\XY_ParserConsole.csproj", "{DA49ED5E-2556-4608-AD26-2A4F81FAFCEB}"
EndProject
Project("{FAE04EC0-301F-11D3-BF4B-00C04F79EFBC}") = "XY_ParserWPF", "XY_ParserWPF\XY_ParserWPF.csproj", "{5FBF8E5C-AAEF-4A6A-8C43-1B887A1735FB}"
EndProject
Project("{FAE04EC0-301F-11D3-BF4B-00C04F79EFBC}") = "Matrix", "Matrix\Matrix.csproj", "{1FE7DD6A-3947-4123-9113-2DA8DA134F89}"
EndProject
Global
	GlobalSection(SolutionConfigurationPlatforms) = preSolution
		Debug|Any CPU = Debug|Any CPU
		Release|Any CPU = Release|Any CPU
	EndGlobalSection
	GlobalSection(ProjectConfigurationPlatforms) = postSolution
		{DA49ED5E-2556-4608-AD26-2A4F81FAFCEB}.Debug|Any CPU.ActiveCfg = Debug|Any CPU
		{DA49ED5E-2556-4608-AD26-2A4F81FAFCEB}.Debug|Any CPU.Build.0 = Debug|Any CPU
		{DA49ED5E-2556-4608-AD26-2A4F81FAFCEB}.Release|Any CPU.ActiveCfg = Release|Any CPU
		{DA49ED5E-2556-4608-AD26-2A4F81FAFCEB}.Release|Any CPU.Build.0 = Release|Any CPU
		{5FBF8E5C-AAEF-4A6A-8C43-1B887A1735FB}.Debug|Any CPU.ActiveCfg = Debug|Any CPU
		{5FBF8E5C-AAEF-4A6A-8C43-1B887A1735FB}.Debug|Any CPU.Build.0 = Debug|Any CPU
		{5FBF8E5C-AAEF-4A6A-8C43-1B887A1735FB}.Release|Any CPU.ActiveCfg = Release|Any CPU
		{5FBF8E5C-AAEF-4A6A-8C43-1B887A1735FB}.Release|Any CPU.Build.0 = Release|Any CPU
		{1FE7DD6A-3947-4123-9113-2DA8DA134F89}.Debug|Any CPU.ActiveCfg = Debug|Any CPU
		{1FE7DD6A-3947-4123-9113-2DA8DA134F89}.Debug|Any CPU.Build.0 = Debug|Any CPU
		{1FE7DD6A-3947-4123-9113-2DA8DA134F89}.Release|Any CPU.ActiveCfg = Release|Any CPU
		{1FE7DD6A-3947-4123-9113-2DA8DA134F89}.Release|Any CPU.Build.0 = Release|Any CPU
	EndGlobalSection
	GlobalSection(SolutionProperties) = preSolution
		HideSolutionNode = FALSE
	EndGlobalSection
	GlobalSection(ExtensibilityGlobals) = postSolution
		SolutionGuid = {89635527-552C-4858-959D-FAB3069DC703}
	EndGlobalSection
EndGlobal
